// !$*UTF8*$!
{
	archiveVersion = 1;
	classes = {
	};
	objectVersion = 50;
	objects = {

/* Begin PBXBuildFile section */
		C1514AF526D536E70051A3E1 /* RGBullsEyeApp.swift in Sources */ = {isa = PBXBuildFile; fileRef = C1514AF426D536E70051A3E1 /* RGBullsEyeApp.swift */; };
		C1514AF726D536E70051A3E1 /* ContentView.swift in Sources */ = {isa = PBXBuildFile; fileRef = C1514AF626D536E70051A3E1 /* ContentView.swift */; };
		C1514AF926D536E80051A3E1 /* Assets.xcassets in Resources */ = {isa = PBXBuildFile; fileRef = C1514AF826D536E80051A3E1 /* Assets.xcassets */; };
		C1514AFC26D536E80051A3E1 /* Preview Assets.xcassets in Resources */ = {isa = PBXBuildFile; fileRef = C1514AFB26D536E80051A3E1 /* Preview Assets.xcassets */; };
		C1514B0726D536E80051A3E1 /* RGBullsEyeTests.swift in Sources */ = {isa = PBXBuildFile; fileRef = C1514B0626D536E80051A3E1 /* RGBullsEyeTests.swift */; };
		C1514B1226D536E80051A3E1 /* RGBullsEyeUITests.swift in Sources */ = {isa = PBXBuildFile; fileRef = C1514B1126D536E80051A3E1 /* RGBullsEyeUITests.swift */; };
/* End PBXBuildFile section */

/* Begin PBXContainerItemProxy section */
		C1514B0326D536E80051A3E1 /* PBXContainerItemProxy */ = {
			isa = PBXContainerItemProxy;
			containerPortal = C1514AE926D536E70051A3E1 /* Project object */;
			proxyType = 1;
			remoteGlobalIDString = C1514AF026D536E70051A3E1;
			remoteInfo = RGBullsEye;
		};
		C1514B0E26D536E80051A3E1 /* PBXContainerItemProxy */ = {
			isa = PBXContainerItemProxy;
			containerPortal = C1514AE926D536E70051A3E1 /* Project object */;
			proxyType = 1;
			remoteGlobalIDString = C1514AF026D536E70051A3E1;
			remoteInfo = RGBullsEye;
		};
/* End PBXContainerItemProxy section */

/* Begin PBXFileReference section */
		C1514AF126D536E70051A3E1 /* RGBullsEye.app */ = {isa = PBXFileReference; explicitFileType = wrapper.application; includeInIndex = 0; path = RGBullsEye.app; sourceTree = BUILT_PRODUCTS_DIR; };
		C1514AF426D536E70051A3E1 /* RGBullsEyeApp.swift */ = {isa = PBXFileReference; lastKnownFileType = sourcecode.swift; path = RGBullsEyeApp.swift; sourceTree = "<group>"; };
		C1514AF626D536E70051A3E1 /* ContentView.swift */ = {isa = PBXFileReference; lastKnownFileType = sourcecode.swift; path = ContentView.swift; sourceTree = "<group>"; };
		C1514AF826D536E80051A3E1 /* Assets.xcassets */ = {isa = PBXFileReference; lastKnownFileType = folder.assetcatalog; path = Assets.xcassets; sourceTree = "<group>"; };
		C1514AFB26D536E80051A3E1 /* Preview Assets.xcassets */ = {isa = PBXFileReference; lastKnownFileType = folder.assetcatalog; path = "Preview Assets.xcassets"; sourceTree = "<group>"; };
		C1514AFD26D536E80051A3E1 /* Info.plist */ = {isa = PBXFileReference; lastKnownFileType = text.plist.xml; path = Info.plist; sourceTree = "<group>"; };
		C1514B0226D536E80051A3E1 /* RGBullsEyeTests.xctest */ = {isa = PBXFileReference; explicitFileType = wrapper.cfbundle; includeInIndex = 0; path = RGBullsEyeTests.xctest; sourceTree = BUILT_PRODUCTS_DIR; };
		C1514B0626D536E80051A3E1 /* RGBullsEyeTests.swift */ = {isa = PBXFileReference; lastKnownFileType = sourcecode.swift; path = RGBullsEyeTests.swift; sourceTree = "<group>"; };
		C1514B0826D536E80051A3E1 /* Info.plist */ = {isa = PBXFileReference; lastKnownFileType = text.plist.xml; path = Info.plist; sourceTree = "<group>"; };
		C1514B0D26D536E80051A3E1 /* RGBullsEyeUITests.xctest */ = {isa = PBXFileReference; explicitFileType = wrapper.cfbundle; includeInIndex = 0; path = RGBullsEyeUITests.xctest; sourceTree = BUILT_PRODUCTS_DIR; };
		C1514B1126D536E80051A3E1 /* RGBullsEyeUITests.swift */ = {isa = PBXFileReference; lastKnownFileType = sourcecode.swift; path = RGBullsEyeUITests.swift; sourceTree = "<group>"; };
		C1514B1326D536E80051A3E1 /* Info.plist */ = {isa = PBXFileReference; lastKnownFileType = text.plist.xml; path = Info.plist; sourceTree = "<group>"; };
/* End PBXFileReference section */

/* Begin PBXFrameworksBuildPhase section */
		C1514AEE26D536E70051A3E1 /* Frameworks */ = {
			isa = PBXFrameworksBuildPhase;
			buildActionMask = 2147483647;
			files = (
			);
			runOnlyForDeploymentPostprocessing = 0;
		};
		C1514AFF26D536E80051A3E1 /* Frameworks */ = {
			isa = PBXFrameworksBuildPhase;
			buildActionMask = 2147483647;
			files = (
			);
			runOnlyForDeploymentPostprocessing = 0;
		};
		C1514B0A26D536E80051A3E1 /* Frameworks */ = {
			isa = PBXFrameworksBuildPhase;
			buildActionMask = 2147483647;
			files = (
			);
			runOnlyForDeploymentPostprocessing = 0;
		};
/* End PBXFrameworksBuildPhase section */

/* Begin PBXGroup section */
		C1514AE826D536E70051A3E1 = {
			isa = PBXGroup;
			children = (
				C1514AF326D536E70051A3E1 /* RGBullsEye */,
				C1514B0526D536E80051A3E1 /* RGBullsEyeTests */,
				C1514B1026D536E80051A3E1 /* RGBullsEyeUITests */,
				C1514AF226D536E70051A3E1 /* Products */,
			);
			sourceTree = "<group>";
		};
		C1514AF226D536E70051A3E1 /* Products */ = {
			isa = PBXGroup;
			children = (
				C1514AF126D536E70051A3E1 /* RGBullsEye.app */,
				C1514B0226D536E80051A3E1 /* RGBullsEyeTests.xctest */,
				C1514B0D26D536E80051A3E1 /* RGBullsEyeUITests.xctest */,
			);
			name = Products;
			sourceTree = "<group>";
		};
		C1514AF326D536E70051A3E1 /* RGBullsEye */ = {
			isa = PBXGroup;
			children = (
				C1514AF426D536E70051A3E1 /* RGBullsEyeApp.swift */,
				C1514AF626D536E70051A3E1 /* ContentView.swift */,
				C1514AF826D536E80051A3E1 /* Assets.xcassets */,
				C1514AFD26D536E80051A3E1 /* Info.plist */,
				C1514AFA26D536E80051A3E1 /* Preview Content */,
			);
			path = RGBullsEye;
			sourceTree = "<group>";
		};
		C1514AFA26D536E80051A3E1 /* Preview Content */ = {
			isa = PBXGroup;
			children = (
				C1514AFB26D536E80051A3E1 /* Preview Assets.xcassets */,
			);
			path = "Preview Content";
			sourceTree = "<group>";
		};
		C1514B0526D536E80051A3E1 /* RGBullsEyeTests */ = {
			isa = PBXGroup;
			children = (
				C1514B0626D536E80051A3E1 /* RGBullsEyeTests.swift */,
				C1514B0826D536E80051A3E1 /* Info.plist */,
			);
			path = RGBullsEyeTests;
			sourceTree = "<group>";
		};
		C1514B1026D536E80051A3E1 /* RGBullsEyeUITests */ = {
			isa = PBXGroup;
			children = (
				C1514B1126D536E80051A3E1 /* RGBullsEyeUITests.swift */,
				C1514B1326D536E80051A3E1 /* Info.plist */,
			);
			path = RGBullsEyeUITests;
			sourceTree = "<group>";
		};
/* End PBXGroup section */

/* Begin PBXNativeTarget section */
		C1514AF026D536E70051A3E1 /* RGBullsEye */ = {
			isa = PBXNativeTarget;
			buildConfigurationList = C1514B1626D536E80051A3E1 /* Build configuration list for PBXNativeTarget "RGBullsEye" */;
			buildPhases = (
				C1514AED26D536E70051A3E1 /* Sources */,
				C1514AEE26D536E70051A3E1 /* Frameworks */,
				C1514AEF26D536E70051A3E1 /* Resources */,
			);
			buildRules = (
			);
			dependencies = (
			);
			name = RGBullsEye;
			productName = RGBullsEye;
			productReference = C1514AF126D536E70051A3E1 /* RGBullsEye.app */;
			productType = "com.apple.product-type.application";
		};
		C1514B0126D536E80051A3E1 /* RGBullsEyeTests */ = {
			isa = PBXNativeTarget;
			buildConfigurationList = C1514B1926D536E80051A3E1 /* Build configuration list for PBXNativeTarget "RGBullsEyeTests" */;
			buildPhases = (
				C1514AFE26D536E80051A3E1 /* Sources */,
				C1514AFF26D536E80051A3E1 /* Frameworks */,
				C1514B0026D536E80051A3E1 /* Resources */,
			);
			buildRules = (
			);
			dependencies = (
				C1514B0426D536E80051A3E1 /* PBXTargetDependency */,
			);
			name = RGBullsEyeTests;
			productName = RGBullsEyeTests;
			productReference = C1514B0226D536E80051A3E1 /* RGBullsEyeTests.xctest */;
			productType = "com.apple.product-type.bundle.unit-test";
		};
		C1514B0C26D536E80051A3E1 /* RGBullsEyeUITests */ = {
			isa = PBXNativeTarget;
			buildConfigurationList = C1514B1C26D536E80051A3E1 /* Build configuration list for PBXNativeTarget "RGBullsEyeUITests" */;
			buildPhases = (
				C1514B0926D536E80051A3E1 /* Sources */,
				C1514B0A26D536E80051A3E1 /* Frameworks */,
				C1514B0B26D536E80051A3E1 /* Resources */,
			);
			buildRules = (
			);
			dependencies = (
				C1514B0F26D536E80051A3E1 /* PBXTargetDependency */,
			);
			name = RGBullsEyeUITests;
			productName = RGBullsEyeUITests;
			productReference = C1514B0D26D536E80051A3E1 /* RGBullsEyeUITests.xctest */;
			productType = "com.apple.product-type.bundle.ui-testing";
		};
/* End PBXNativeTarget section */

/* Begin PBXProject section */
		C1514AE926D536E70051A3E1 /* Project object */ = {
			isa = PBXProject;
			attributes = {
				LastSwiftUpdateCheck = 1250;
				LastUpgradeCheck = 1250;
				TargetAttributes = {
					C1514AF026D536E70051A3E1 = {
						CreatedOnToolsVersion = 12.5.1;
					};
					C1514B0126D536E80051A3E1 = {
						CreatedOnToolsVersion = 12.5.1;
						TestTargetID = C1514AF026D536E70051A3E1;
					};
					C1514B0C26D536E80051A3E1 = {
						CreatedOnToolsVersion = 12.5.1;
						TestTargetID = C1514AF026D536E70051A3E1;
					};
				};
			};
			buildConfigurationList = C1514AEC26D536E70051A3E1 /* Build configuration list for PBXProject "RGBullsEye" */;
			compatibilityVersion = "Xcode 9.3";
			developmentRegion = en;
			hasScannedForEncodings = 0;
			knownRegions = (
				en,
				Base,
			);
			mainGroup = C1514AE826D536E70051A3E1;
			productRefGroup = C1514AF226D536E70051A3E1 /* Products */;
			projectDirPath = "";
			projectRoot = "";
			targets = (
				C1514AF026D536E70051A3E1 /* RGBullsEye */,
				C1514B0126D536E80051A3E1 /* RGBullsEyeTests */,
				C1514B0C26D536E80051A3E1 /* RGBullsEyeUITests */,
			);
		};
/* End PBXProject section */

/* Begin PBXResourcesBuildPhase section */
		C1514AEF26D536E70051A3E1 /* Resources */ = {
			isa = PBXResourcesBuildPhase;
			buildActionMask = 2147483647;
			files = (
				C1514AFC26D536E80051A3E1 /* Preview Assets.xcassets in Resources */,
				C1514AF926D536E80051A3E1 /* Assets.xcassets in Resources */,
			);
			runOnlyForDeploymentPostprocessing = 0;
		};
		C1514B0026D536E80051A3E1 /* Resources */ = {
			isa = PBXResourcesBuildPhase;
			buildActionMask = 2147483647;
			files = (
			);
			runOnlyForDeploymentPostprocessing = 0;
		};
		C1514B0B26D536E80051A3E1 /* Resources */ = {
			isa = PBXResourcesBuildPhase;
			buildActionMask = 2147483647;
			files = (
			);
			runOnlyForDeploymentPostprocessing = 0;
		};
/* End PBXResourcesBuildPhase section */

/* Begin PBXSourcesBuildPhase section */
		C1514AED26D536E70051A3E1 /* Sources */ = {
			isa = PBXSourcesBuildPhase;
			buildActionMask = 2147483647;
			files = (
				C1514AF726D536E70051A3E1 /* ContentView.swift in Sources */,
				C1514AF526D536E70051A3E1 /* RGBullsEyeApp.swift in Sources */,
			);
			runOnlyForDeploymentPostprocessing = 0;
		};
		C1514AFE26D536E80051A3E1 /* Sources */ = {
			isa = PBXSourcesBuildPhase;
			buildActionMask = 2147483647;
			files = (
				C1514B0726D536E80051A3E1 /* RGBullsEyeTests.swift in Sources */,
			);
			runOnlyForDeploymentPostprocessing = 0;
		};
		C1514B0926D536E80051A3E1 /* Sources */ = {
			isa = PBXSourcesBuildPhase;
			buildActionMask = 2147483647;
			files = (
				C1514B1226D536E80051A3E1 /* RGBullsEyeUITests.swift in Sources */,
			);
			runOnlyForDeploymentPostprocessing = 0;
		};
/* End PBXSourcesBuildPhase section */

/* Begin PBXTargetDependency section */
		C1514B0426D536E80051A3E1 /* PBXTargetDependency */ = {
			isa = PBXTargetDependency;
			target = C1514AF026D536E70051A3E1 /* RGBullsEye */;
			targetProxy = C1514B0326D536E80051A3E1 /* PBXContainerItemProxy */;
		};
		C1514B0F26D536E80051A3E1 /* PBXTargetDependency */ = {
			isa = PBXTargetDependency;
			target = C1514AF026D536E70051A3E1 /* RGBullsEye */;
			targetProxy = C1514B0E26D536E80051A3E1 /* PBXContainerItemProxy */;
		};
/* End PBXTargetDependency section */

/* Begin XCBuildConfiguration section */
		C1514B1426D536E80051A3E1 /* Debug */ = {
			isa = XCBuildConfiguration;
			buildSettings = {
				ALWAYS_SEARCH_USER_PATHS = NO;
				CLANG_ANALYZER_NONNULL = YES;
				CLANG_ANALYZER_NUMBER_OBJECT_CONVERSION = YES_AGGRESSIVE;
				CLANG_CXX_LANGUAGE_STANDARD = "gnu++14";
				CLANG_CXX_LIBRARY = "libc++";
				CLANG_ENABLE_MODULES = YES;
				CLANG_ENABLE_OBJC_ARC = YES;
				CLANG_ENABLE_OBJC_WEAK = YES;
				CLANG_WARN_BLOCK_CAPTURE_AUTORELEASING = YES;
				CLANG_WARN_BOOL_CONVERSION = YES;
				CLANG_WARN_COMMA = YES;
				CLANG_WARN_CONSTANT_CONVERSION = YES;
				CLANG_WARN_DEPRECATED_OBJC_IMPLEMENTATIONS = YES;
				CLANG_WARN_DIRECT_OBJC_ISA_USAGE = YES_ERROR;
				CLANG_WARN_DOCUMENTATION_COMMENTS = YES;
				CLANG_WARN_EMPTY_BODY = YES;
				CLANG_WARN_ENUM_CONVERSION = YES;
				CLANG_WARN_INFINITE_RECURSION = YES;
				CLANG_WARN_INT_CONVERSION = YES;
				CLANG_WARN_NON_LITERAL_NULL_CONVERSION = YES;
				CLANG_WARN_OBJC_IMPLICIT_RETAIN_SELF = YES;
				CLANG_WARN_OBJC_LITERAL_CONVERSION = YES;
				CLANG_WARN_OBJC_ROOT_CLASS = YES_ERROR;
				CLANG_WARN_QUOTED_INCLUDE_IN_FRAMEWORK_HEADER = YES;
				CLANG_WARN_RANGE_LOOP_ANALYSIS = YES;
				CLANG_WARN_STRICT_PROTOTYPES = YES;
				CLANG_WARN_SUSPICIOUS_MOVE = YES;
				CLANG_WARN_UNGUARDED_AVAILABILITY = YES_AGGRESSIVE;
				CLANG_WARN_UNREACHABLE_CODE = YES;
				CLANG_WARN__DUPLICATE_METHOD_MATCH = YES;
				COPY_PHASE_STRIP = NO;
				DEBUG_INFORMATION_FORMAT = dwarf;
				ENABLE_STRICT_OBJC_MSGSEND = YES;
				ENABLE_TESTABILITY = YES;
				GCC_C_LANGUAGE_STANDARD = gnu11;
				GCC_DYNAMIC_NO_PIC = NO;
				GCC_NO_COMMON_BLOCKS = YES;
				GCC_OPTIMIZATION_LEVEL = 0;
				GCC_PREPROCESSOR_DEFINITIONS = (
					"DEBUG=1",
					"$(inherited)",
				);
				GCC_WARN_64_TO_32_BIT_CONVERSION = YES;
				GCC_WARN_ABOUT_RETURN_TYPE = YES_ERROR;
				GCC_WARN_UNDECLARED_SELECTOR = YES;
				GCC_WARN_UNINITIALIZED_AUTOS = YES_AGGRESSIVE;
				GCC_WARN_UNUSED_FUNCTION = YES;
				GCC_WARN_UNUSED_VARIABLE = YES;
				IPHONEOS_DEPLOYMENT_TARGET = 14.5;
				MTL_ENABLE_DEBUG_INFO = INCLUDE_SOURCE;
				MTL_FAST_MATH = YES;
				ONLY_ACTIVE_ARCH = YES;
				SDKROOT = iphoneos;
				SWIFT_ACTIVE_COMPILATION_CONDITIONS = DEBUG;
				SWIFT_OPTIMIZATION_LEVEL = "-Onone";
			};
			name = Debug;
		};
		C1514B1526D536E80051A3E1 /* Release */ = {
			isa = XCBuildConfiguration;
			buildSettings = {
				ALWAYS_SEARCH_USER_PATHS = NO;
				CLANG_ANALYZER_NONNULL = YES;
				CLANG_ANALYZER_NUMBER_OBJECT_CONVERSION = YES_AGGRESSIVE;
				CLANG_CXX_LANGUAGE_STANDARD = "gnu++14";
				CLANG_CXX_LIBRARY = "libc++";
				CLANG_ENABLE_MODULES = YES;
				CLANG_ENABLE_OBJC_ARC = YES;
				CLANG_ENABLE_OBJC_WEAK = YES;
				CLANG_WARN_BLOCK_CAPTURE_AUTORELEASING = YES;
				CLANG_WARN_BOOL_CONVERSION = YES;
				CLANG_WARN_COMMA = YES;
				CLANG_WARN_CONSTANT_CONVERSION = YES;
				CLANG_WARN_DEPRECATED_OBJC_IMPLEMENTATIONS = YES;
				CLANG_WARN_DIRECT_OBJC_ISA_USAGE = YES_ERROR;
				CLANG_WARN_DOCUMENTATION_COMMENTS = YES;
				CLANG_WARN_EMPTY_BODY = YES;
				CLANG_WARN_ENUM_CONVERSION = YES;
				CLANG_WARN_INFINITE_RECURSION = YES;
				CLANG_WARN_INT_CONVERSION = YES;
				CLANG_WARN_NON_LITERAL_NULL_CONVERSION = YES;
				CLANG_WARN_OBJC_IMPLICIT_RETAIN_SELF = YES;
				CLANG_WARN_OBJC_LITERAL_CONVERSION = YES;
				CLANG_WARN_OBJC_ROOT_CLASS = YES_ERROR;
				CLANG_WARN_QUOTED_INCLUDE_IN_FRAMEWORK_HEADER = YES;
				CLANG_WARN_RANGE_LOOP_ANALYSIS = YES;
				CLANG_WARN_STRICT_PROTOTYPES = YES;
				CLANG_WARN_SUSPICIOUS_MOVE = YES;
				CLANG_WARN_UNGUARDED_AVAILABILITY = YES_AGGRESSIVE;
				CLANG_WARN_UNREACHABLE_CODE = YES;
				CLANG_WARN__DUPLICATE_METHOD_MATCH = YES;
				COPY_PHASE_STRIP = NO;
				DEBUG_INFORMATION_FORMAT = "dwarf-with-dsym";
				ENABLE_NS_ASSERTIONS = NO;
				ENABLE_STRICT_OBJC_MSGSEND = YES;
				GCC_C_LANGUAGE_STANDARD = gnu11;
				GCC_NO_COMMON_BLOCKS = YES;
				GCC_WARN_64_TO_32_BIT_CONVERSION = YES;
				GCC_WARN_ABOUT_RETURN_TYPE = YES_ERROR;
				GCC_WARN_UNDECLARED_SELECTOR = YES;
				GCC_WARN_UNINITIALIZED_AUTOS = YES_AGGRESSIVE;
				GCC_WARN_UNUSED_FUNCTION = YES;
				GCC_WARN_UNUSED_VARIABLE = YES;
				IPHONEOS_DEPLOYMENT_TARGET = 14.5;
				MTL_ENABLE_DEBUG_INFO = NO;
				MTL_FAST_MATH = YES;
				SDKROOT = iphoneos;
				SWIFT_COMPILATION_MODE = wholemodule;
				SWIFT_OPTIMIZATION_LEVEL = "-O";
				VALIDATE_PRODUCT = YES;
			};
			name = Release;
		};
		C1514B1726D536E80051A3E1 /* Debug */ = {
			isa = XCBuildConfiguration;
			buildSettings = {
				ASSETCATALOG_COMPILER_APPICON_NAME = AppIcon;
				ASSETCATALOG_COMPILER_GLOBAL_ACCENT_COLOR_NAME = AccentColor;
				CODE_SIGN_STYLE = Automatic;
				DEVELOPMENT_ASSET_PATHS = "\"RGBullsEye/Preview Content\"";
				DEVELOPMENT_TEAM = 3JT45N9B99;
				ENABLE_PREVIEWS = YES;
				INFOPLIST_FILE = RGBullsEye/Info.plist;
				IPHONEOS_DEPLOYMENT_TARGET = 14.0;
				LD_RUNPATH_SEARCH_PATHS = (
					"$(inherited)",
					"@executable_path/Frameworks",
				);
				PRODUCT_BUNDLE_IDENTIFIER = com.paradox.RGBullsEye;
				PRODUCT_NAME = "$(TARGET_NAME)";
				SWIFT_VERSION = 5.0;
				TARGETED_DEVICE_FAMILY = "1,2";
			};
			name = Debug;
		};
		C1514B1826D536E80051A3E1 /* Release */ = {
			isa = XCBuildConfiguration;
			buildSettings = {
				ASSETCATALOG_COMPILER_APPICON_NAME = AppIcon;
				ASSETCATALOG_COMPILER_GLOBAL_ACCENT_COLOR_NAME = AccentColor;
				CODE_SIGN_STYLE = Automatic;
				DEVELOPMENT_ASSET_PATHS = "\"RGBullsEye/Preview Content\"";
				DEVELOPMENT_TEAM = 3JT45N9B99;
				ENABLE_PREVIEWS = YES;
				INFOPLIST_FILE = RGBullsEye/Info.plist;
				IPHONEOS_DEPLOYMENT_TARGET = 14.0;
				LD_RUNPATH_SEARCH_PATHS = (
					"$(inherited)",
					"@executable_path/Frameworks",
				);
				PRODUCT_BUNDLE_IDENTIFIER = com.paradox.RGBullsEye;
				PRODUCT_NAME = "$(TARGET_NAME)";
				SWIFT_VERSION = 5.0;
				TARGETED_DEVICE_FAMILY = "1,2";
			};
			name = Release;
		};
		C1514B1A26D536E80051A3E1 /* Debug */ = {
			isa = XCBuildConfiguration;
			buildSettings = {
				ALWAYS_EMBED_SWIFT_STANDARD_LIBRARIES = YES;
				BUNDLE_LOADER = "$(TEST_HOST)";
				CODE_SIGN_STYLE = Automatic;
				DEVELOPMENT_TEAM = 3JT45N9B99;
				INFOPLIST_FILE = RGBullsEyeTests/Info.plist;
				IPHONEOS_DEPLOYMENT_TARGET = 14.0;
				LD_RUNPATH_SEARCH_PATHS = (
					"$(inherited)",
					"@executable_path/Frameworks",
					"@loader_path/Frameworks",
				);
				PRODUCT_BUNDLE_IDENTIFIER = com.paradox.RGBullsEyeTests;
				PRODUCT_NAME = "$(TARGET_NAME)";
				SWIFT_VERSION = 5.0;
				TARGETED_DEVICE_FAMILY = "1,2";
				TEST_HOST = "$(BUILT_PRODUCTS_DIR)/RGBullsEye.app/RGBullsEye";
			};
			name = Debug;
		};
		C1514B1B26D536E80051A3E1 /* Release */ = {
			isa = XCBuildConfiguration;
			buildSettings = {
				ALWAYS_EMBED_SWIFT_STANDARD_LIBRARIES = YES;
				BUNDLE_LOADER = "$(TEST_HOST)";
				CODE_SIGN_STYLE = Automatic;
				DEVELOPMENT_TEAM = 3JT45N9B99;
				INFOPLIST_FILE = RGBullsEyeTests/Info.plist;
				IPHONEOS_DEPLOYMENT_TARGET = 14.0;
				LD_RUNPATH_SEARCH_PATHS = (
					"$(inherited)",
					"@executable_path/Frameworks",
					"@loader_path/Frameworks",
				);
				PRODUCT_BUNDLE_IDENTIFIER = com.paradox.RGBullsEyeTests;
				PRODUCT_NAME = "$(TARGET_NAME)";
				SWIFT_VERSION = 5.0;
				TARGETED_DEVICE_FAMILY = "1,2";
				TEST_HOST = "$(BUILT_PRODUCTS_DIR)/RGBullsEye.app/RGBullsEye";
			};
			name = Release;
		};
		C1514B1D26D536E80051A3E1 /* Debug */ = {
			isa = XCBuildConfiguration;
			buildSettings = {
				ALWAYS_EMBED_SWIFT_STANDARD_LIBRARIES = YES;
				CODE_SIGN_STYLE = Automatic;
				DEVELOPMENT_TEAM = 3JT45N9B99;
				INFOPLIST_FILE = RGBullsEyeUITests/Info.plist;
				LD_RUNPATH_SEARCH_PATHS = (
					"$(inherited)",
					"@executable_path/Frameworks",
					"@loader_path/Frameworks",
				);
				PRODUCT_BUNDLE_IDENTIFIER = com.paradox.RGBullsEyeUITests;
				PRODUCT_NAME = "$(TARGET_NAME)";
				SWIFT_VERSION = 5.0;
				TARGETED_DEVICE_FAMILY = "1,2";
				TEST_TARGET_NAME = RGBullsEye;
			};
			name = Debug;
		};
		C1514B1E26D536E80051A3E1 /* Release */ = {
			isa = XCBuildConfiguration;
			buildSettings = {
				ALWAYS_EMBED_SWIFT_STANDARD_LIBRARIES = YES;
				CODE_SIGN_STYLE = Automatic;
				DEVELOPMENT_TEAM = 3JT45N9B99;
				INFOPLIST_FILE = RGBullsEyeUITests/Info.plist;
				LD_RUNPATH_SEARCH_PATHS = (
					"$(inherited)",
					"@executable_path/Frameworks",
					"@loader_path/Frameworks",
				);
				PRODUCT_BUNDLE_IDENTIFIER = com.paradox.RGBullsEyeUITests;
				PRODUCT_NAME = "$(TARGET_NAME)";
				SWIFT_VERSION = 5.0;
				TARGETED_DEVICE_FAMILY = "1,2";
				TEST_TARGET_NAME = RGBullsEye;
			};
			name = Release;
		};
/* End XCBuildConfiguration section */

/* Begin XCConfigurationList section */
		C1514AEC26D536E70051A3E1 /* Build configuration list for PBXProject "RGBullsEye" */ = {
			isa = XCConfigurationList;
			buildConfigurations = (
				C1514B1426D536E80051A3E1 /* Debug */,
				C1514B1526D536E80051A3E1 /* Release */,
			);
			defaultConfigurationIsVisible = 0;
			defaultConfigurationName = Release;
		};
		C1514B1626D536E80051A3E1 /* Build configuration list for PBXNativeTarget "RGBullsEye" */ = {
			isa = XCConfigurationList;
			buildConfigurations = (
				C1514B1726D536E80051A3E1 /* Debug */,
				C1514B1826D536E80051A3E1 /* Release */,
			);
			defaultConfigurationIsVisible = 0;
			defaultConfigurationName = Release;
		};
		C1514B1926D536E80051A3E1 /* Build configuration list for PBXNativeTarget "RGBullsEyeTests" */ = {
			isa = XCConfigurationList;
			buildConfigurations = (
				C1514B1A26D536E80051A3E1 /* Debug */,
				C1514B1B26D536E80051A3E1 /* Release */,
			);
			defaultConfigurationIsVisible = 0;
			defaultConfigurationName = Release;
		};
		C1514B1C26D536E80051A3E1 /* Build configuration list for PBXNativeTarget "RGBullsEyeUITests" */ = {
			isa = XCConfigurationList;
			buildConfigurations = (
				C1514B1D26D536E80051A3E1 /* Debug */,
				C1514B1E26D536E80051A3E1 /* Release */,
			);
			defaultConfigurationIsVisible = 0;
			defaultConfigurationName = Release;
		};
/* End XCConfigurationList section */
	};
	rootObject = C1514AE926D536E70051A3E1 /* Project object */;
}
